
Microsoft Visual Studio Solution File, Format Version 12.00
# Visual Studio 15
VisualStudioVersion = 15.0.28307.168
MinimumVisualStudioVersion = 10.0.40219.1
Project("{888888A0-9F3D-457C-B088-3A5042F75D52}") = "github", "github\github.pyproj", "{48FCD4CA-1CA0-4BB8-A754-27D5B26830B6}"
EndProject
Global
	GlobalSection(SolutionConfigurationPlatforms) = preSolution
		Debug|Any CPU = Debug|Any CPU
		Release|Any CPU = Release|Any CPU
	EndGlobalSection
	GlobalSection(ProjectConfigurationPlatforms) = postSolution
		{48FCD4CA-1CA0-4BB8-A754-27D5B26830B6}.Debug|Any CPU.ActiveCfg = Debug|Any CPU
		{48FCD4CA-1CA0-4BB8-A754-27D5B26830B6}.Release|Any CPU.ActiveCfg = Release|Any CPU
	EndGlobalSection
	GlobalSection(SolutionProperties) = preSolution
		HideSolutionNode = FALSE
	EndGlobalSection
	GlobalSection(ExtensibilityGlobals) = postSolution
		SolutionGuid = {91751795-143B-4361-9609-E905D52A8C03}
	EndGlobalSection
EndGlobal
